// !$*UTF8*$!
{
	archiveVersion = 1;
	classes = {
	};
	objectVersion = 50;
	objects = {

/* Begin PBXBuildFile section */
		F100F00E29B1FEE80075D803 /* quakes.json in Resources */ = {isa = PBXBuildFile; fileRef = F100F00D29B1FEE70075D803 /* quakes.json */; };
		F183F12929B1C1CB008D7A87 /* AppDelegate.swift in Sources */ = {isa = PBXBuildFile; fileRef = F183F12829B1C1CB008D7A87 /* AppDelegate.swift */; };
		F183F12B29B1C1CB008D7A87 /* SceneDelegate.swift in Sources */ = {isa = PBXBuildFile; fileRef = F183F12A29B1C1CB008D7A87 /* SceneDelegate.swift */; };
		F183F12D29B1C1CB008D7A87 /* ViewController.swift in Sources */ = {isa = PBXBuildFile; fileRef = F183F12C29B1C1CB008D7A87 /* ViewController.swift */; };
		F183F13029B1C1CB008D7A87 /* Main.storyboard in Resources */ = {isa = PBXBuildFile; fileRef = F183F12E29B1C1CB008D7A87 /* Main.storyboard */; };
		F183F13229B1C2A9008D7A87 /* Assets.xcassets in Resources */ = {isa = PBXBuildFile; fileRef = F183F13129B1C2A9008D7A87 /* Assets.xcassets */; };
		F183F13529B1C2AA008D7A87 /* LaunchScreen.storyboard in Resources */ = {isa = PBXBuildFile; fileRef = F183F13329B1C2AA008D7A87 /* LaunchScreen.storyboard */; };
		F183F14029B1C2AE008D7A87 /* TestTests.swift in Sources */ = {isa = PBXBuildFile; fileRef = F183F13F29B1C2AE008D7A87 /* TestTests.swift */; };
		F183F14B29B1C2AE008D7A87 /* TestUITests.swift in Sources */ = {isa = PBXBuildFile; fileRef = F183F14A29B1C2AE008D7A87 /* TestUITests.swift */; };
		F183F15929B1F25A008D7A87 /* Quake.swift in Sources */ = {isa = PBXBuildFile; fileRef = F183F15829B1F25A008D7A87 /* Quake.swift */; };
/* End PBXBuildFile section */

/* Begin PBXContainerItemProxy section */
		F183F13C29B1C2AE008D7A87 /* PBXContainerItemProxy */ = {
			isa = PBXContainerItemProxy;
			containerPortal = F183F11D29B1C1CA008D7A87 /* Project object */;
			proxyType = 1;
			remoteGlobalIDString = F183F12429B1C1CA008D7A87;
			remoteInfo = Test;
		};
		F183F14729B1C2AE008D7A87 /* PBXContainerItemProxy */ = {
			isa = PBXContainerItemProxy;
			containerPortal = F183F11D29B1C1CA008D7A87 /* Project object */;
			proxyType = 1;
			remoteGlobalIDString = F183F12429B1C1CA008D7A87;
			remoteInfo = Test;
		};
/* End PBXContainerItemProxy section */

/* Begin PBXFileReference section */
		F100F00D29B1FEE70075D803 /* quakes.json */ = {isa = PBXFileReference; fileEncoding = 4; lastKnownFileType = text.json; name = quakes.json; path = ../../../Downloads/quakes.json; sourceTree = "<group>"; };
		F183F12529B1C1CB008D7A87 /* Test.app */ = {isa = PBXFileReference; explicitFileType = wrapper.application; includeInIndex = 0; path = Test.app; sourceTree = BUILT_PRODUCTS_DIR; };
		F183F12829B1C1CB008D7A87 /* AppDelegate.swift */ = {isa = PBXFileReference; lastKnownFileType = sourcecode.swift; path = AppDelegate.swift; sourceTree = "<group>"; };
		F183F12A29B1C1CB008D7A87 /* SceneDelegate.swift */ = {isa = PBXFileReference; lastKnownFileType = sourcecode.swift; path = SceneDelegate.swift; sourceTree = "<group>"; };
		F183F12C29B1C1CB008D7A87 /* ViewController.swift */ = {isa = PBXFileReference; lastKnownFileType = sourcecode.swift; path = ViewController.swift; sourceTree = "<group>"; };
		F183F12F29B1C1CB008D7A87 /* Base */ = {isa = PBXFileReference; lastKnownFileType = file.storyboard; name = Base; path = Base.lproj/Main.storyboard; sourceTree = "<group>"; };
		F183F13129B1C2A9008D7A87 /* Assets.xcassets */ = {isa = PBXFileReference; lastKnownFileType = folder.assetcatalog; path = Assets.xcassets; sourceTree = "<group>"; };
		F183F13429B1C2AA008D7A87 /* Base */ = {isa = PBXFileReference; lastKnownFileType = file.storyboard; name = Base; path = Base.lproj/LaunchScreen.storyboard; sourceTree = "<group>"; };
		F183F13629B1C2AA008D7A87 /* Info.plist */ = {isa = PBXFileReference; lastKnownFileType = text.plist.xml; path = Info.plist; sourceTree = "<group>"; };
		F183F13B29B1C2AE008D7A87 /* TestTests.xctest */ = {isa = PBXFileReference; explicitFileType = wrapper.cfbundle; includeInIndex = 0; path = TestTests.xctest; sourceTree = BUILT_PRODUCTS_DIR; };
		F183F13F29B1C2AE008D7A87 /* TestTests.swift */ = {isa = PBXFileReference; lastKnownFileType = sourcecode.swift; path = TestTests.swift; sourceTree = "<group>"; };
		F183F14129B1C2AE008D7A87 /* Info.plist */ = {isa = PBXFileReference; lastKnownFileType = text.plist.xml; path = Info.plist; sourceTree = "<group>"; };
		F183F14629B1C2AE008D7A87 /* TestUITests.xctest */ = {isa = PBXFileReference; explicitFileType = wrapper.cfbundle; includeInIndex = 0; path = TestUITests.xctest; sourceTree = BUILT_PRODUCTS_DIR; };
		F183F14A29B1C2AE008D7A87 /* TestUITests.swift */ = {isa = PBXFileReference; lastKnownFileType = sourcecode.swift; path = TestUITests.swift; sourceTree = "<group>"; };
		F183F14C29B1C2AE008D7A87 /* Info.plist */ = {isa = PBXFileReference; lastKnownFileType = text.plist.xml; path = Info.plist; sourceTree = "<group>"; };
		F183F15829B1F25A008D7A87 /* Quake.swift */ = {isa = PBXFileReference; lastKnownFileType = sourcecode.swift; path = Quake.swift; sourceTree = "<group>"; };
/* End PBXFileReference section */

/* Begin PBXFrameworksBuildPhase section */
		F183F12229B1C1CA008D7A87 /* Frameworks */ = {
			isa = PBXFrameworksBuildPhase;
			buildActionMask = 2147483647;
			files = (
			);
			runOnlyForDeploymentPostprocessing = 0;
		};
		F183F13829B1C2AE008D7A87 /* Frameworks */ = {
			isa = PBXFrameworksBuildPhase;
			buildActionMask = 2147483647;
			files = (
			);
			runOnlyForDeploymentPostprocessing = 0;
		};
		F183F14329B1C2AE008D7A87 /* Frameworks */ = {
			isa = PBXFrameworksBuildPhase;
			buildActionMask = 2147483647;
			files = (
			);
			runOnlyForDeploymentPostprocessing = 0;
		};
/* End PBXFrameworksBuildPhase section */

/* Begin PBXGroup section */
		F183F11C29B1C1CA008D7A87 = {
			isa = PBXGroup;
			children = (
				F183F12729B1C1CB008D7A87 /* Test */,
				F183F13E29B1C2AE008D7A87 /* TestTests */,
				F183F14929B1C2AE008D7A87 /* TestUITests */,
				F183F12629B1C1CB008D7A87 /* Products */,
			);
			sourceTree = "<group>";
		};
		F183F12629B1C1CB008D7A87 /* Products */ = {
			isa = PBXGroup;
			children = (
				F183F12529B1C1CB008D7A87 /* Test.app */,
				F183F13B29B1C2AE008D7A87 /* TestTests.xctest */,
				F183F14629B1C2AE008D7A87 /* TestUITests.xctest */,
			);
			name = Products;
			sourceTree = "<group>";
		};
		F183F12729B1C1CB008D7A87 /* Test */ = {
			isa = PBXGroup;
			children = (
				F183F12829B1C1CB008D7A87 /* AppDelegate.swift */,
				F183F12A29B1C1CB008D7A87 /* SceneDelegate.swift */,
				F183F12C29B1C1CB008D7A87 /* ViewController.swift */,
				F183F15829B1F25A008D7A87 /* Quake.swift */,
				F100F00D29B1FEE70075D803 /* quakes.json */,
				F183F12E29B1C1CB008D7A87 /* Main.storyboard */,
				F183F13129B1C2A9008D7A87 /* Assets.xcassets */,
				F183F13329B1C2AA008D7A87 /* LaunchScreen.storyboard */,
				F183F13629B1C2AA008D7A87 /* Info.plist */,
			);
			path = Test;
			sourceTree = "<group>";
		};
		F183F13E29B1C2AE008D7A87 /* TestTests */ = {
			isa = PBXGroup;
			children = (
				F183F13F29B1C2AE008D7A87 /* TestTests.swift */,
				F183F14129B1C2AE008D7A87 /* Info.plist */,
			);
			path = TestTests;
			sourceTree = "<group>";
		};
		F183F14929B1C2AE008D7A87 /* TestUITests */ = {
			isa = PBXGroup;
			children = (
				F183F14A29B1C2AE008D7A87 /* TestUITests.swift */,
				F183F14C29B1C2AE008D7A87 /* Info.plist */,
			);
			path = TestUITests;
			sourceTree = "<group>";
		};
/* End PBXGroup section */

/* Begin PBXNativeTarget section */
		F183F12429B1C1CA008D7A87 /* Test */ = {
			isa = PBXNativeTarget;
			buildConfigurationList = F183F14F29B1C2AE008D7A87 /* Build configuration list for PBXNativeTarget "Test" */;
			buildPhases = (
				F183F12129B1C1CA008D7A87 /* Sources */,
				F183F12229B1C1CA008D7A87 /* Frameworks */,
				F183F12329B1C1CA008D7A87 /* Resources */,
			);
			buildRules = (
			);
			dependencies = (
			);
			name = Test;
			productName = Test;
			productReference = F183F12529B1C1CB008D7A87 /* Test.app */;
			productType = "com.apple.product-type.application";
		};
		F183F13A29B1C2AE008D7A87 /* TestTests */ = {
			isa = PBXNativeTarget;
			buildConfigurationList = F183F15229B1C2AE008D7A87 /* Build configuration list for PBXNativeTarget "TestTests" */;
			buildPhases = (
				F183F13729B1C2AE008D7A87 /* Sources */,
				F183F13829B1C2AE008D7A87 /* Frameworks */,
				F183F13929B1C2AE008D7A87 /* Resources */,
			);
			buildRules = (
			);
			dependencies = (
				F183F13D29B1C2AE008D7A87 /* PBXTargetDependency */,
			);
			name = TestTests;
			productName = TestTests;
			productReference = F183F13B29B1C2AE008D7A87 /* TestTests.xctest */;
			productType = "com.apple.product-type.bundle.unit-test";
		};
		F183F14529B1C2AE008D7A87 /* TestUITests */ = {
			isa = PBXNativeTarget;
			buildConfigurationList = F183F15529B1C2AE008D7A87 /* Build configuration list for PBXNativeTarget "TestUITests" */;
			buildPhases = (
				F183F14229B1C2AE008D7A87 /* Sources */,
				F183F14329B1C2AE008D7A87 /* Frameworks */,
				F183F14429B1C2AE008D7A87 /* Resources */,
			);
			buildRules = (
			);
			dependencies = (
				F183F14829B1C2AE008D7A87 /* PBXTargetDependency */,
			);
			name = TestUITests;
			productName = TestUITests;
			productReference = F183F14629B1C2AE008D7A87 /* TestUITests.xctest */;
			productType = "com.apple.product-type.bundle.ui-testing";
		};
/* End PBXNativeTarget section */

/* Begin PBXProject section */
		F183F11D29B1C1CA008D7A87 /* Project object */ = {
			isa = PBXProject;
			attributes = {
				LastSwiftUpdateCheck = 1140;
				LastUpgradeCheck = 1140;
				ORGANIZATIONNAME = "Sai Varshith";
				TargetAttributes = {
					F183F12429B1C1CA008D7A87 = {
						CreatedOnToolsVersion = 11.4.1;
					};
					F183F13A29B1C2AE008D7A87 = {
						CreatedOnToolsVersion = 11.4.1;
						TestTargetID = F183F12429B1C1CA008D7A87;
					};
					F183F14529B1C2AE008D7A87 = {
						CreatedOnToolsVersion = 11.4.1;
						TestTargetID = F183F12429B1C1CA008D7A87;
					};
				};
			};
			buildConfigurationList = F183F12029B1C1CA008D7A87 /* Build configuration list for PBXProject "Test" */;
			compatibilityVersion = "Xcode 9.3";
			developmentRegion = en;
			hasScannedForEncodings = 0;
			knownRegions = (
				en,
				Base,
			);
			mainGroup = F183F11C29B1C1CA008D7A87;
			productRefGroup = F183F12629B1C1CB008D7A87 /* Products */;
			projectDirPath = "";
			projectRoot = "";
			targets = (
				F183F12429B1C1CA008D7A87 /* Test */,
				F183F13A29B1C2AE008D7A87 /* TestTests */,
				F183F14529B1C2AE008D7A87 /* TestUITests */,
			);
		};
/* End PBXProject section */

/* Begin PBXResourcesBuildPhase section */
		F183F12329B1C1CA008D7A87 /* Resources */ = {
			isa = PBXResourcesBuildPhase;
			buildActionMask = 2147483647;
			files = (
				F183F13529B1C2AA008D7A87 /* LaunchScreen.storyboard in Resources */,
				F100F00E29B1FEE80075D803 /* quakes.json in Resources */,
				F183F13229B1C2A9008D7A87 /* Assets.xcassets in Resources */,
				F183F13029B1C1CB008D7A87 /* Main.storyboard in Resources */,
			);
			runOnlyForDeploymentPostprocessing = 0;
		};
		F183F13929B1C2AE008D7A87 /* Resources */ = {
			isa = PBXResourcesBuildPhase;
			buildActionMask = 2147483647;
			files = (
			);
			runOnlyForDeploymentPostprocessing = 0;
		};
		F183F14429B1C2AE008D7A87 /* Resources */ = {
			isa = PBXResourcesBuildPhase;
			buildActionMask = 2147483647;
			files = (
			);
			runOnlyForDeploymentPostprocessing = 0;
		};
/* End PBXResourcesBuildPhase section */

/* Begin PBXSourcesBuildPhase section */
		F183F12129B1C1CA008D7A87 /* Sources */ = {
			isa = PBXSourcesBuildPhase;
			buildActionMask = 2147483647;
			files = (
				F183F12D29B1C1CB008D7A87 /* ViewController.swift in Sources */,
				F183F15929B1F25A008D7A87 /* Quake.swift in Sources */,
				F183F12929B1C1CB008D7A87 /* AppDelegate.swift in Sources */,
				F183F12B29B1C1CB008D7A87 /* SceneDelegate.swift in Sources */,
			);
			runOnlyForDeploymentPostprocessing = 0;
		};
		F183F13729B1C2AE008D7A87 /* Sources */ = {
			isa = PBXSourcesBuildPhase;
			buildActionMask = 2147483647;
			files = (
				F183F14029B1C2AE008D7A87 /* TestTests.swift in Sources */,
			);
			runOnlyForDeploymentPostprocessing = 0;
		};
		F183F14229B1C2AE008D7A87 /* Sources */ = {
			isa = PBXSourcesBuildPhase;
			buildActionMask = 2147483647;
			files = (
				F183F14B29B1C2AE008D7A87 /* TestUITests.swift in Sources */,
			);
			runOnlyForDeploymentPostprocessing = 0;
		};
/* End PBXSourcesBuildPhase section */

/* Begin PBXTargetDependency section */
		F183F13D29B1C2AE008D7A87 /* PBXTargetDependency */ = {
			isa = PBXTargetDependency;
			target = F183F12429B1C1CA008D7A87 /* Test */;
			targetProxy = F183F13C29B1C2AE008D7A87 /* PBXContainerItemProxy */;
		};
		F183F14829B1C2AE008D7A87 /* PBXTargetDependency */ = {
			isa = PBXTargetDependency;
			target = F183F12429B1C1CA008D7A87 /* Test */;
			targetProxy = F183F14729B1C2AE008D7A87 /* PBXContainerItemProxy */;
		};
/* End PBXTargetDependency section */

/* Begin PBXVariantGroup section */
		F183F12E29B1C1CB008D7A87 /* Main.storyboard */ = {
			isa = PBXVariantGroup;
			children = (
				F183F12F29B1C1CB008D7A87 /* Base */,
			);
			name = Main.storyboard;
			sourceTree = "<group>";
		};
		F183F13329B1C2AA008D7A87 /* LaunchScreen.storyboard */ = {
			isa = PBXVariantGroup;
			children = (
				F183F13429B1C2AA008D7A87 /* Base */,
			);
			name = LaunchScreen.storyboard;
			sourceTree = "<group>";
		};
/* End PBXVariantGroup section */

/* Begin XCBuildConfiguration section */
		F183F14D29B1C2AE008D7A87 /* Debug */ = {
			isa = XCBuildConfiguration;
			buildSettings = {
				ALWAYS_SEARCH_USER_PATHS = NO;
				CLANG_ANALYZER_NONNULL = YES;
				CLANG_ANALYZER_NUMBER_OBJECT_CONVERSION = YES_AGGRESSIVE;
				CLANG_CXX_LANGUAGE_STANDARD = "gnu++14";
				CLANG_CXX_LIBRARY = "libc++";
				CLANG_ENABLE_MODULES = YES;
				CLANG_ENABLE_OBJC_ARC = YES;
				CLANG_ENABLE_OBJC_WEAK = YES;
				CLANG_WARN_BLOCK_CAPTURE_AUTORELEASING = YES;
				CLANG_WARN_BOOL_CONVERSION = YES;
				CLANG_WARN_COMMA = YES;
				CLANG_WARN_CONSTANT_CONVERSION = YES;
				CLANG_WARN_DEPRECATED_OBJC_IMPLEMENTATIONS = YES;
				CLANG_WARN_DIRECT_OBJC_ISA_USAGE = YES_ERROR;
				CLANG_WARN_DOCUMENTATION_COMMENTS = YES;
				CLANG_WARN_EMPTY_BODY = YES;
				CLANG_WARN_ENUM_CONVERSION = YES;
				CLANG_WARN_INFINITE_RECURSION = YES;
				CLANG_WARN_INT_CONVERSION = YES;
				CLANG_WARN_NON_LITERAL_NULL_CONVERSION = YES;
				CLANG_WARN_OBJC_IMPLICIT_RETAIN_SELF = YES;
				CLANG_WARN_OBJC_LITERAL_CONVERSION = YES;
				CLANG_WARN_OBJC_ROOT_CLASS = YES_ERROR;
				CLANG_WARN_RANGE_LOOP_ANALYSIS = YES;
				CLANG_WARN_STRICT_PROTOTYPES = YES;
				CLANG_WARN_SUSPICIOUS_MOVE = YES;
				CLANG_WARN_UNGUARDED_AVAILABILITY = YES_AGGRESSIVE;
				CLANG_WARN_UNREACHABLE_CODE = YES;
				CLANG_WARN__DUPLICATE_METHOD_MATCH = YES;
				COPY_PHASE_STRIP = NO;
				DEBUG_INFORMATION_FORMAT = dwarf;
				ENABLE_STRICT_OBJC_MSGSEND = YES;
				ENABLE_TESTABILITY = YES;
				GCC_C_LANGUAGE_STANDARD = gnu11;
				GCC_DYNAMIC_NO_PIC = NO;
				GCC_NO_COMMON_BLOCKS = YES;
				GCC_OPTIMIZATION_LEVEL = 0;
				GCC_PREPROCESSOR_DEFINITIONS = (
					"DEBUG=1",
					"$(inherited)",
				);
				GCC_WARN_64_TO_32_BIT_CONVERSION = YES;
				GCC_WARN_ABOUT_RETURN_TYPE = YES_ERROR;
				GCC_WARN_UNDECLARED_SELECTOR = YES;
				GCC_WARN_UNINITIALIZED_AUTOS = YES_AGGRESSIVE;
				GCC_WARN_UNUSED_FUNCTION = YES;
				GCC_WARN_UNUSED_VARIABLE = YES;
				IPHONEOS_DEPLOYMENT_TARGET = 13.4;
				MTL_ENABLE_DEBUG_INFO = INCLUDE_SOURCE;
				MTL_FAST_MATH = YES;
				ONLY_ACTIVE_ARCH = YES;
				SDKROOT = iphoneos;
				SWIFT_ACTIVE_COMPILATION_CONDITIONS = DEBUG;
				SWIFT_OPTIMIZATION_LEVEL = "-Onone";
			};
			name = Debug;
		};
		F183F14E29B1C2AE008D7A87 /* Release */ = {
			isa = XCBuildConfiguration;
			buildSettings = {
				ALWAYS_SEARCH_USER_PATHS = NO;
				CLANG_ANALYZER_NONNULL = YES;
				CLANG_ANALYZER_NUMBER_OBJECT_CONVERSION = YES_AGGRESSIVE;
				CLANG_CXX_LANGUAGE_STANDARD = "gnu++14";
				CLANG_CXX_LIBRARY = "libc++";
				CLANG_ENABLE_MODULES = YES;
				CLANG_ENABLE_OBJC_ARC = YES;
				CLANG_ENABLE_OBJC_WEAK = YES;
				CLANG_WARN_BLOCK_CAPTURE_AUTORELEASING = YES;
				CLANG_WARN_BOOL_CONVERSION = YES;
				CLANG_WARN_COMMA = YES;
				CLANG_WARN_CONSTANT_CONVERSION = YES;
				CLANG_WARN_DEPRECATED_OBJC_IMPLEMENTATIONS = YES;
				CLANG_WARN_DIRECT_OBJC_ISA_USAGE = YES_ERROR;
				CLANG_WARN_DOCUMENTATION_COMMENTS = YES;
				CLANG_WARN_EMPTY_BODY = YES;
				CLANG_WARN_ENUM_CONVERSION = YES;
				CLANG_WARN_INFINITE_RECURSION = YES;
				CLANG_WARN_INT_CONVERSION = YES;
				CLANG_WARN_NON_LITERAL_NULL_CONVERSION = YES;
				CLANG_WARN_OBJC_IMPLICIT_RETAIN_SELF = YES;
				CLANG_WARN_OBJC_LITERAL_CONVERSION = YES;
				CLANG_WARN_OBJC_ROOT_CLASS = YES_ERROR;
				CLANG_WARN_RANGE_LOOP_ANALYSIS = YES;
				CLANG_WARN_STRICT_PROTOTYPES = YES;
				CLANG_WARN_SUSPICIOUS_MOVE = YES;
				CLANG_WARN_UNGUARDED_AVAILABILITY = YES_AGGRESSIVE;
				CLANG_WARN_UNREACHABLE_CODE = YES;
				CLANG_WARN__DUPLICATE_METHOD_MATCH = YES;
				COPY_PHASE_STRIP = NO;
				DEBUG_INFORMATION_FORMAT = "dwarf-with-dsym";
				ENABLE_NS_ASSERTIONS = NO;
				ENABLE_STRICT_OBJC_MSGSEND = YES;
				GCC_C_LANGUAGE_STANDARD = gnu11;
				GCC_NO_COMMON_BLOCKS = YES;
				GCC_WARN_64_TO_32_BIT_CONVERSION = YES;
				GCC_WARN_ABOUT_RETURN_TYPE = YES_ERROR;
				GCC_WARN_UNDECLARED_SELECTOR = YES;
				GCC_WARN_UNINITIALIZED_AUTOS = YES_AGGRESSIVE;
				GCC_WARN_UNUSED_FUNCTION = YES;
				GCC_WARN_UNUSED_VARIABLE = YES;
				IPHONEOS_DEPLOYMENT_TARGET = 13.4;
				MTL_ENABLE_DEBUG_INFO = NO;
				MTL_FAST_MATH = YES;
				SDKROOT = iphoneos;
				SWIFT_COMPILATION_MODE = wholemodule;
				SWIFT_OPTIMIZATION_LEVEL = "-O";
				VALIDATE_PRODUCT = YES;
			};
			name = Release;
		};
		F183F15029B1C2AE008D7A87 /* Debug */ = {
			isa = XCBuildConfiguration;
			buildSettings = {
				ASSETCATALOG_COMPILER_APPICON_NAME = AppIcon;
				CODE_SIGN_STYLE = Automatic;
				INFOPLIST_FILE = Test/Info.plist;
				LD_RUNPATH_SEARCH_PATHS = (
					"$(inherited)",
					"@executable_path/Frameworks",
				);
				PRODUCT_BUNDLE_IDENTIFIER = com.varshith.Test;
				PRODUCT_NAME = "$(TARGET_NAME)";
				SWIFT_VERSION = 5.0;
				TARGETED_DEVICE_FAMILY = "1,2";
			};
			name = Debug;
		};
		F183F15129B1C2AE008D7A87 /* Release */ = {
			isa = XCBuildConfiguration;
			buildSettings = {
				ASSETCATALOG_COMPILER_APPICON_NAME = AppIcon;
				CODE_SIGN_STYLE = Automatic;
				INFOPLIST_FILE = Test/Info.plist;
				LD_RUNPATH_SEARCH_PATHS = (
					"$(inherited)",
					"@executable_path/Frameworks",
				);
				PRODUCT_BUNDLE_IDENTIFIER = com.varshith.Test;
				PRODUCT_NAME = "$(TARGET_NAME)";
				SWIFT_VERSION = 5.0;
				TARGETED_DEVICE_FAMILY = "1,2";
			};
			name = Release;
		};
		F183F15329B1C2AE008D7A87 /* Debug */ = {
			isa = XCBuildConfiguration;
			buildSettings = {
				ALWAYS_EMBED_SWIFT_STANDARD_LIBRARIES = YES;
				BUNDLE_LOADER = "$(TEST_HOST)";
				CODE_SIGN_STYLE = Automatic;
				INFOPLIST_FILE = TestTests/Info.plist;
				IPHONEOS_DEPLOYMENT_TARGET = 13.4;
				LD_RUNPATH_SEARCH_PATHS = (
					"$(inherited)",
					"@executable_path/Frameworks",
					"@loader_path/Frameworks",
				);
				PRODUCT_BUNDLE_IDENTIFIER = com.varshith.TestTests;
				PRODUCT_NAME = "$(TARGET_NAME)";
				SWIFT_VERSION = 5.0;
				TARGETED_DEVICE_FAMILY = "1,2";
				TEST_HOST = "$(BUILT_PRODUCTS_DIR)/Test.app/Test";
			};
			name = Debug;
		};
		F183F15429B1C2AE008D7A87 /* Release */ = {
			isa = XCBuildConfiguration;
			buildSettings = {
				ALWAYS_EMBED_SWIFT_STANDARD_LIBRARIES = YES;
				BUNDLE_LOADER = "$(TEST_HOST)";
				CODE_SIGN_STYLE = Automatic;
				INFOPLIST_FILE = TestTests/Info.plist;
				IPHONEOS_DEPLOYMENT_TARGET = 13.4;
				LD_RUNPATH_SEARCH_PATHS = (
					"$(inherited)",
					"@executable_path/Frameworks",
					"@loader_path/Frameworks",
				);
				PRODUCT_BUNDLE_IDENTIFIER = com.varshith.TestTests;
				PRODUCT_NAME = "$(TARGET_NAME)";
				SWIFT_VERSION = 5.0;
				TARGETED_DEVICE_FAMILY = "1,2";
				TEST_HOST = "$(BUILT_PRODUCTS_DIR)/Test.app/Test";
			};
			name = Release;
		};
		F183F15629B1C2AE008D7A87 /* Debug */ = {
			isa = XCBuildConfiguration;
			buildSettings = {
				ALWAYS_EMBED_SWIFT_STANDARD_LIBRARIES = YES;
				CODE_SIGN_STYLE = Automatic;
				INFOPLIST_FILE = TestUITests/Info.plist;
				LD_RUNPATH_SEARCH_PATHS = (
					"$(inherited)",
					"@executable_path/Frameworks",
					"@loader_path/Frameworks",
				);
				PRODUCT_BUNDLE_IDENTIFIER = com.varshith.TestUITests;
				PRODUCT_NAME = "$(TARGET_NAME)";
				SWIFT_VERSION = 5.0;
				TARGETED_DEVICE_FAMILY = "1,2";
				TEST_TARGET_NAME = Test;
			};
			name = Debug;
		};
		F183F15729B1C2AE008D7A87 /* Release */ = {
			isa = XCBuildConfiguration;
			buildSettings = {
				ALWAYS_EMBED_SWIFT_STANDARD_LIBRARIES = YES;
				CODE_SIGN_STYLE = Automatic;
				INFOPLIST_FILE = TestUITests/Info.plist;
				LD_RUNPATH_SEARCH_PATHS = (
					"$(inherited)",
					"@executable_path/Frameworks",
					"@loader_path/Frameworks",
				);
				PRODUCT_BUNDLE_IDENTIFIER = com.varshith.TestUITests;
				PRODUCT_NAME = "$(TARGET_NAME)";
				SWIFT_VERSION = 5.0;
				TARGETED_DEVICE_FAMILY = "1,2";
				TEST_TARGET_NAME = Test;
			};
			name = Release;
		};
/* End XCBuildConfiguration section */

/* Begin XCConfigurationList section */
		F183F12029B1C1CA008D7A87 /* Build configuration list for PBXProject "Test" */ = {
			isa = XCConfigurationList;
			buildConfigurations = (
				F183F14D29B1C2AE008D7A87 /* Debug */,
				F183F14E29B1C2AE008D7A87 /* Release */,
			);
			defaultConfigurationIsVisible = 0;
			defaultConfigurationName = Release;
		};
		F183F14F29B1C2AE008D7A87 /* Build configuration list for PBXNativeTarget "Test" */ = {
			isa = XCConfigurationList;
			buildConfigurations = (
				F183F15029B1C2AE008D7A87 /* Debug */,
				F183F15129B1C2AE008D7A87 /* Release */,
			);
			defaultConfigurationIsVisible = 0;
			defaultConfigurationName = Release;
		};
		F183F15229B1C2AE008D7A87 /* Build configuration list for PBXNativeTarget "TestTests" */ = {
			isa = XCConfigurationList;
			buildConfigurations = (
				F183F15329B1C2AE008D7A87 /* Debug */,
				F183F15429B1C2AE008D7A87 /* Release */,
			);
			defaultConfigurationIsVisible = 0;
			defaultConfigurationName = Release;
		};
		F183F15529B1C2AE008D7A87 /* Build configuration list for PBXNativeTarget "TestUITests" */ = {
			isa = XCConfigurationList;
			buildConfigurations = (
				F183F15629B1C2AE008D7A87 /* Debug */,
				F183F15729B1C2AE008D7A87 /* Release */,
			);
			defaultConfigurationIsVisible = 0;
			defaultConfigurationName = Release;
		};
/* End XCConfigurationList section */
	};
	rootObject = F183F11D29B1C1CA008D7A87 /* Project object */;
}
